<?xml version="1.0" encoding="utf-8"?>
<Project ToolsVersion="4.0" xmlns="http://schemas.microsoft.com/developer/msbuild/2003">
  <ItemGroup>
    <Filter Include="Source Files">
      <UniqueIdentifier>{4FC737F1-C7A5-4376-A066-2A32D752A2FF}</UniqueIdentifier>
      <Extensions>cpp;c;cc;cxx;c++;cppm;ixx;def;odl;idl;hpj;bat;asm;asmx</Extensions>
    </Filter>
    <Filter Include="Header Files">
      <UniqueIdentifier>{93995380-89BD-4b04-88EB-625FBE52EBFB}</UniqueIdentifier>
      <Extensions>h;hh;hpp;hxx;h++;hm;inl;inc;ipp;xsd</Extensions>
    </Filter>
    <Filter Include="Resource Files">
      <UniqueIdentifier>{67DA6AB6-F800-4c08-8B7A-83BB121AAD01}</UniqueIdentifier>
      <Extensions>rc;ico;cur;bmp;dlg;rc2;rct;bin;rgs;gif;jpg;jpeg;jpe;resx;tiff;tif;png;wav;mfcribbon-ms</Extensions>
    </Filter>
    <Filter Include="GlobalCom">
      <UniqueIdentifier>{e5a5903c-02d8-41fd-a171-ec54610a920f}</UniqueIdentifier>
    </Filter>
    <Filter Include="DX11Dependency">
      <UniqueIdentifier>{148ee6fe-860c-41ee-8fb6-04f98d37150f}</UniqueIdentifier>
    </Filter>
    <Filter Include="RenderCycle">
      <UniqueIdentifier>{90151627-ee22-409c-9941-d6c5c886533a}</UniqueIdentifier>
    </Filter>
    <Filter Include="ImGUI">
      <UniqueIdentifier>{a07a3508-51ee-4fb9-8f3a-c30a693c6075}</UniqueIdentifier>
    </Filter>
    <Filter Include="Main">
      <UniqueIdentifier>{e19dcdf5-56b9-476e-863e-5c449121d288}</UniqueIdentifier>
    </Filter>
    <Filter Include="Snippet">
      <UniqueIdentifier>{825b8f02-43fc-4cac-aec4-04ec7a85b6bc}</UniqueIdentifier>
    </Filter>
    <Filter Include="dx11">
      <UniqueIdentifier>{904f1e89-262d-483a-829d-56b07ce69e9f}</UniqueIdentifier>
    </Filter>
    <Filter Include="dx11\context">
      <UniqueIdentifier>{25d3c681-8ad6-47c8-b683-bce42dfcc570}</UniqueIdentifier>
    </Filter>
    <Filter Include="dx12">
      <UniqueIdentifier>{b30fa536-97fc-4449-9c5b-13b72697070f}</UniqueIdentifier>
    </Filter>
    <Filter Include="Utils">
      <UniqueIdentifier>{247dae59-6b4e-497f-9b93-383e98707c42}</UniqueIdentifier>
    </Filter>
    <Filter Include="Utils\Singleton">
      <UniqueIdentifier>{d2fa3ddd-b244-40d8-8f2d-4fcdf38e30c3}</UniqueIdentifier>
    </Filter>
    <Filter Include="dx12\context">
      <UniqueIdentifier>{43235ba5-b697-44d1-948a-d471be4cb8b9}</UniqueIdentifier>
    </Filter>
    <Filter Include="primitives">
      <UniqueIdentifier>{41bc50c0-a639-4039-82df-5ac1d2dcee50}</UniqueIdentifier>
    </Filter>
    <Filter Include="primitives\Vertex">
      <UniqueIdentifier>{5749ab13-851e-4153-a70a-bf967fd79644}</UniqueIdentifier>
    </Filter>
    <Filter Include="Shader">
      <UniqueIdentifier>{3bb1f85d-54fd-4b49-8164-d274e55a8fc1}</UniqueIdentifier>
    </Filter>
    <Filter Include="dx11\Camera">
      <UniqueIdentifier>{023dccb6-c4ab-4db9-996b-310fff43c22d}</UniqueIdentifier>
    </Filter>
    <Filter Include="SimpleMath">
      <UniqueIdentifier>{146c410d-6763-4413-a849-527afc14d11c}</UniqueIdentifier>
    </Filter>
    <Filter Include="dx11\cbufferStruct">
      <UniqueIdentifier>{d81a6ffb-dc43-4573-a389-ed134fb9216b}</UniqueIdentifier>
    </Filter>
    <Filter Include="Shader\cbuffer">
      <UniqueIdentifier>{69e9baf0-2e65-4813-94b1-cfaf9d0794f6}</UniqueIdentifier>
    </Filter>
    <Filter Include="dx11\Transform">
      <UniqueIdentifier>{ebe6a8e3-fa29-4240-ae91-723c0f9cf21e}</UniqueIdentifier>
    </Filter>
    <Filter Include="Input">
      <UniqueIdentifier>{4a29409f-8705-4bd9-86e3-793d11a1ec77}</UniqueIdentifier>
    </Filter>
    <Filter Include="Updatable">
      <UniqueIdentifier>{9d37379d-02c7-48e6-a849-bff0fe4728f7}</UniqueIdentifier>
    </Filter>
    <Filter Include="dx11\RoamingCam">
      <UniqueIdentifier>{0786583a-bbe2-469d-b0bd-0185efb9615a}</UniqueIdentifier>
    </Filter>
    <Filter Include="dx11\DebugObject">
      <UniqueIdentifier>{81ee4c34-35eb-4659-a7f3-f50d61843fd6}</UniqueIdentifier>
    </Filter>
    <Filter Include="dx11\DebugObject\Grid">
      <UniqueIdentifier>{f0eef853-9daa-4bf3-9b01-bb324fd83f0c}</UniqueIdentifier>
    </Filter>
    <Filter Include="dx11\resource">
      <UniqueIdentifier>{ef8141c6-3c8c-4dcf-8e99-725386fa905d}</UniqueIdentifier>
    </Filter>
    <Filter Include="dx11\resource\Mesh">
      <UniqueIdentifier>{080f503c-cb3f-43f8-8ed5-c85500d08748}</UniqueIdentifier>
    </Filter>
    <Filter Include="dx11\resource\ResourceManager">
      <UniqueIdentifier>{7f4be354-47ef-47fc-935f-fd141a239484}</UniqueIdentifier>
    </Filter>
    <Filter Include="primitives\Vertex\ColoredVertex">
      <UniqueIdentifier>{41c2f34e-312b-4ef7-b230-52196fa44aca}</UniqueIdentifier>
    </Filter>
    <Filter Include="primitives\Vertex\StaticMeshVertex">
      <UniqueIdentifier>{75499bcf-2ed4-462e-89e1-4ec0a617a06a}</UniqueIdentifier>
    </Filter>
    <Filter Include="Shader\ColoredShader">
      <UniqueIdentifier>{19df4b87-090b-4a90-bd78-fcbeee22baa0}</UniqueIdentifier>
    </Filter>
    <Filter Include="Shader\DefaultPixelShader">
      <UniqueIdentifier>{1a9fc154-3c6d-4e27-b66a-1d6dc0dd4b58}</UniqueIdentifier>
    </Filter>
    <Filter Include="Shader\gBufferDebugShdaer">
      <UniqueIdentifier>{6d35755b-87f2-482d-aaa3-832ddc073161}</UniqueIdentifier>
    </Filter>
    <Filter Include="Shader\gBuffer">
      <UniqueIdentifier>{4379fc91-d1bb-438a-ac58-157a577c6560}</UniqueIdentifier>
    </Filter>
    <Filter Include="primitives\Vertex\DeferredDebugVertex">
      <UniqueIdentifier>{768e3319-0771-4561-8e3a-abd46e1d7a7e}</UniqueIdentifier>
    </Filter>
    <Filter Include="dx11\DeferredRenderer">
      <UniqueIdentifier>{84755698-3cde-407d-88e8-f04c877e677e}</UniqueIdentifier>
    </Filter>
  </ItemGroup>
  <ItemGroup>
    <ClCompile Include="ydMain.cpp">
      <Filter>Main</Filter>
    </ClCompile>
    <ClCompile Include="ydRenderCycle.cpp">
      <Filter>RenderCycle</Filter>
    </ClCompile>
    <ClCompile Include="ydMain_imgui.cpp">
      <Filter>Source Files</Filter>
    </ClCompile>
    <ClCompile Include="ydD11ResourceManager.cpp">
      <Filter>dx11\resource\ResourceManager</Filter>
    </ClCompile>
    <ClCompile Include="SimpleMath.cpp">
      <Filter>SimpleMath</Filter>
    </ClCompile>
    <ClCompile Include="ydCamera.cpp">
      <Filter>dx11\Camera</Filter>
    </ClCompile>
    <ClCompile Include="ydGrid.cpp">
      <Filter>dx11\DebugObject\Grid</Filter>
    </ClCompile>
    <ClCompile Include="Include\ImGui\imgui.cpp">
      <Filter>ImGUI</Filter>
    </ClCompile>
    <ClCompile Include="Include\ImGui\imgui_demo.cpp">
      <Filter>ImGUI</Filter>
    </ClCompile>
    <ClCompile Include="Include\ImGui\imgui_draw.cpp">
      <Filter>ImGUI</Filter>
    </ClCompile>
    <ClCompile Include="Include\ImGui\imgui_tables.cpp">
      <Filter>ImGUI</Filter>
    </ClCompile>
    <ClCompile Include="Include\ImGui\imgui_widgets.cpp">
      <Filter>ImGUI</Filter>
    </ClCompile>
    <ClCompile Include="Include\ImGui\backends\imgui_impl_dx11.cpp">
      <Filter>ImGUI</Filter>
    </ClCompile>
    <ClCompile Include="Include\ImGui\backends\imgui_impl_win32.cpp">
      <Filter>ImGUI</Filter>
    </ClCompile>
    <ClCompile Include="yd11StaticMesh.cpp">
      <Filter>dx11\resource\Mesh</Filter>
    </ClCompile>
    <ClCompile Include="yd11DeferredRenderer.cpp">
      <Filter>dx11\DeferredRenderer</Filter>
    </ClCompile>
  </ItemGroup>
  <ItemGroup>
    <ClInclude Include="ydDX11Dependency.h">
      <Filter>DX11Dependency</Filter>
    </ClInclude>
    <ClInclude Include="ydRenderCycle.h">
      <Filter>RenderCycle</Filter>
    </ClInclude>
    <ClInclude Include="ydSnippet.h">
      <Filter>Snippet</Filter>
    </ClInclude>
    <ClInclude Include="ydMain_imgui.h">
      <Filter>Source Files</Filter>
    </ClInclude>
    <ClInclude Include="ydSingleton.h">
      <Filter>Utils\Singleton</Filter>
    </ClInclude>
    <ClInclude Include="ydD11Context.h">
      <Filter>dx11\context</Filter>
    </ClInclude>
    <ClInclude Include="ydD12Context.h">
      <Filter>dx12\context</Filter>
    </ClInclude>
    <ClInclude Include="ydD11ResourceManager.h">
      <Filter>dx11\resource\ResourceManager</Filter>
    </ClInclude>
    <ClInclude Include="ydCamera.h">
      <Filter>dx11\Camera</Filter>
    </ClInclude>
    <ClInclude Include="SimpleMath.h">
      <Filter>SimpleMath</Filter>
    </ClInclude>
    <ClInclude Include="ydCommonMatrixBuffer.h">
      <Filter>dx11\cbufferStruct</Filter>
    </ClInclude>
    <ClInclude Include="ydTransform.h">
      <Filter>dx11\Transform</Filter>
    </ClInclude>
    <ClInclude Include="ydInput.h">
      <Filter>Input</Filter>
    </ClInclude>
    <ClInclude Include="ydUpdatable.h">
      <Filter>Updatable</Filter>
    </ClInclude>
    <ClInclude Include="ydRoamingCamera.h">
      <Filter>dx11\RoamingCam</Filter>
    </ClInclude>
    <ClInclude Include="ydGrid.h">
      <Filter>dx11\DebugObject\Grid</Filter>
    </ClInclude>
    <ClInclude Include="yd11StaticMesh.h">
      <Filter>dx11\resource\Mesh</Filter>
    </ClInclude>
    <ClInclude Include="ydColoredVertex.h">
      <Filter>primitives\Vertex\ColoredVertex</Filter>
    </ClInclude>
    <ClInclude Include="ydStaticMeshVertex.h">
      <Filter>primitives\Vertex\StaticMeshVertex</Filter>
    </ClInclude>
    <ClInclude Include="ydDeferredDebugVertex.h">
      <Filter>primitives\Vertex\DeferredDebugVertex</Filter>
    </ClInclude>
    <ClInclude Include="yd11DeferredRenderer.h">
      <Filter>dx11\DeferredRenderer</Filter>
    </ClInclude>
  </ItemGroup>
  <ItemGroup>
    <FxCompile Include="ydColoredPixelShader.hlsl">
      <Filter>Shader\ColoredShader</Filter>
    </FxCompile>
    <FxCompile Include="ydColoredVertexShader.hlsl">
      <Filter>Shader\ColoredShader</Filter>
    </FxCompile>
    <FxCompile Include="ydStaticMeshPixelShader.hlsl">
      <Filter>Shader\DefaultPixelShader</Filter>
    </FxCompile>
    <FxCompile Include="ydStaticMeshVertexShader.hlsl">
      <Filter>Shader\DefaultPixelShader</Filter>
    </FxCompile>
    <FxCompile Include="ydGBufferDebugVertexShader.hlsl">
      <Filter>Shader\gBufferDebugShdaer</Filter>
    </FxCompile>
    <FxCompile Include="ydGBufferDebugPixelShader.hlsl">
      <Filter>Shader\gBufferDebugShdaer</Filter>
    </FxCompile>
  </ItemGroup>
  <ItemGroup>
    <None Include="SimpleMath.inl">
      <Filter>SimpleMath</Filter>
    </None>
    <None Include="CommonBuffer.hlsli">
      <Filter>Shader\cbuffer</Filter>
    </None>
    <None Include="gBuffers.hlsli">
      <Filter>Shader\gBuffer</Filter>
    </None>
  </ItemGroup>
</Project>