<?xml version="1.0" encoding="utf-8"?>
<Project ToolsVersion="4.0" xmlns="http://schemas.microsoft.com/developer/msbuild/2003">
  <ItemGroup>
    <Filter Include="Source Files">
      <UniqueIdentifier>{4FC737F1-C7A5-4376-A066-2A32D752A2FF}</UniqueIdentifier>
      <Extensions>cpp;c;cc;cxx;c++;cppm;ixx;def;odl;idl;hpj;bat;asm;asmx</Extensions>
    </Filter>
    <Filter Include="Header Files">
      <UniqueIdentifier>{93995380-89BD-4b04-88EB-625FBE52EBFB}</UniqueIdentifier>
      <Extensions>h;hh;hpp;hxx;h++;hm;inl;inc;ipp;xsd</Extensions>
    </Filter>
    <Filter Include="Resource Files">
      <UniqueIdentifier>{67DA6AB6-F800-4c08-8B7A-83BB121AAD01}</UniqueIdentifier>
      <Extensions>rc;ico;cur;bmp;dlg;rc2;rct;bin;rgs;gif;jpg;jpeg;jpe;resx;tiff;tif;png;wav;mfcribbon-ms</Extensions>
    </Filter>
    <Filter Include="GlobalCom">
      <UniqueIdentifier>{e5a5903c-02d8-41fd-a171-ec54610a920f}</UniqueIdentifier>
    </Filter>
    <Filter Include="DX11Dependency">
      <UniqueIdentifier>{148ee6fe-860c-41ee-8fb6-04f98d37150f}</UniqueIdentifier>
    </Filter>
    <Filter Include="RenderCycle">
      <UniqueIdentifier>{90151627-ee22-409c-9941-d6c5c886533a}</UniqueIdentifier>
    </Filter>
    <Filter Include="ImGUI">
      <UniqueIdentifier>{a07a3508-51ee-4fb9-8f3a-c30a693c6075}</UniqueIdentifier>
    </Filter>
    <Filter Include="Main">
      <UniqueIdentifier>{e19dcdf5-56b9-476e-863e-5c449121d288}</UniqueIdentifier>
    </Filter>
    <Filter Include="Snippet">
      <UniqueIdentifier>{825b8f02-43fc-4cac-aec4-04ec7a85b6bc}</UniqueIdentifier>
    </Filter>
    <Filter Include="dx11">
      <UniqueIdentifier>{904f1e89-262d-483a-829d-56b07ce69e9f}</UniqueIdentifier>
    </Filter>
    <Filter Include="dx12">
      <UniqueIdentifier>{b30fa536-97fc-4449-9c5b-13b72697070f}</UniqueIdentifier>
    </Filter>
    <Filter Include="Utils">
      <UniqueIdentifier>{247dae59-6b4e-497f-9b93-383e98707c42}</UniqueIdentifier>
    </Filter>
    <Filter Include="Utils\Singleton">
      <UniqueIdentifier>{d2fa3ddd-b244-40d8-8f2d-4fcdf38e30c3}</UniqueIdentifier>
    </Filter>
    <Filter Include="dx12\context">
      <UniqueIdentifier>{43235ba5-b697-44d1-948a-d471be4cb8b9}</UniqueIdentifier>
    </Filter>
    <Filter Include="Shader">
      <UniqueIdentifier>{3bb1f85d-54fd-4b49-8164-d274e55a8fc1}</UniqueIdentifier>
    </Filter>
    <Filter Include="dx11\Camera">
      <UniqueIdentifier>{023dccb6-c4ab-4db9-996b-310fff43c22d}</UniqueIdentifier>
    </Filter>
    <Filter Include="SimpleMath">
      <UniqueIdentifier>{146c410d-6763-4413-a849-527afc14d11c}</UniqueIdentifier>
    </Filter>
    <Filter Include="dx11\cbufferStruct">
      <UniqueIdentifier>{d81a6ffb-dc43-4573-a389-ed134fb9216b}</UniqueIdentifier>
    </Filter>
    <Filter Include="dx11\Transform">
      <UniqueIdentifier>{ebe6a8e3-fa29-4240-ae91-723c0f9cf21e}</UniqueIdentifier>
    </Filter>
    <Filter Include="Input">
      <UniqueIdentifier>{4a29409f-8705-4bd9-86e3-793d11a1ec77}</UniqueIdentifier>
    </Filter>
    <Filter Include="Updatable">
      <UniqueIdentifier>{9d37379d-02c7-48e6-a849-bff0fe4728f7}</UniqueIdentifier>
    </Filter>
    <Filter Include="dx11\RoamingCam">
      <UniqueIdentifier>{0786583a-bbe2-469d-b0bd-0185efb9615a}</UniqueIdentifier>
    </Filter>
    <Filter Include="dx11\DebugObject">
      <UniqueIdentifier>{81ee4c34-35eb-4659-a7f3-f50d61843fd6}</UniqueIdentifier>
    </Filter>
    <Filter Include="dx11\DebugObject\Grid">
      <UniqueIdentifier>{f0eef853-9daa-4bf3-9b01-bb324fd83f0c}</UniqueIdentifier>
    </Filter>
    <Filter Include="dx11\resource">
      <UniqueIdentifier>{ef8141c6-3c8c-4dcf-8e99-725386fa905d}</UniqueIdentifier>
    </Filter>
    <Filter Include="dx11\resource\Mesh">
      <UniqueIdentifier>{080f503c-cb3f-43f8-8ed5-c85500d08748}</UniqueIdentifier>
    </Filter>
    <Filter Include="dx11\resource\ResourceManager">
      <UniqueIdentifier>{7f4be354-47ef-47fc-935f-fd141a239484}</UniqueIdentifier>
    </Filter>
    <Filter Include="dx11\resource\Material">
      <UniqueIdentifier>{0dd914a8-6299-4222-a545-36e552280e97}</UniqueIdentifier>
    </Filter>
    <Filter Include="dx11\resource\Texture">
      <UniqueIdentifier>{3f7ebe9e-fb55-40ea-9321-11d9d70b90b7}</UniqueIdentifier>
    </Filter>
    <Filter Include="dx11\Material">
      <UniqueIdentifier>{01e8a8b8-73a3-4ba5-a156-ea134a5b4d55}</UniqueIdentifier>
    </Filter>
    <Filter Include="dx11\Renderer">
      <UniqueIdentifier>{2c40def6-4f4f-4721-8a3b-6eae16f14a65}</UniqueIdentifier>
    </Filter>
    <Filter Include="dx11\Renderer\StaticMeshRenderer">
      <UniqueIdentifier>{149e1c0e-f9e4-4b79-9429-11abade01817}</UniqueIdentifier>
    </Filter>
    <Filter Include="dx11\Context">
      <UniqueIdentifier>{25d3c681-8ad6-47c8-b683-bce42dfcc570}</UniqueIdentifier>
    </Filter>
    <Filter Include="dx11\Context\DeferredContext">
      <UniqueIdentifier>{84755698-3cde-407d-88e8-f04c877e677e}</UniqueIdentifier>
    </Filter>
    <Filter Include="dx11\primitives">
      <UniqueIdentifier>{41bc50c0-a639-4039-82df-5ac1d2dcee50}</UniqueIdentifier>
    </Filter>
    <Filter Include="dx11\primitives\Vertex">
      <UniqueIdentifier>{5749ab13-851e-4153-a70a-bf967fd79644}</UniqueIdentifier>
    </Filter>
    <Filter Include="dx11\primitives\Vertex\ColoredVertex">
      <UniqueIdentifier>{41c2f34e-312b-4ef7-b230-52196fa44aca}</UniqueIdentifier>
    </Filter>
    <Filter Include="dx11\primitives\Vertex\StaticMeshVertex">
      <UniqueIdentifier>{75499bcf-2ed4-462e-89e1-4ec0a617a06a}</UniqueIdentifier>
    </Filter>
    <Filter Include="dx11\primitives\Vertex\DeferredDebugVertex">
      <UniqueIdentifier>{768e3319-0771-4561-8e3a-abd46e1d7a7e}</UniqueIdentifier>
    </Filter>
    <Filter Include="dx11\primitives\Vertex\DeferredLightVertex">
      <UniqueIdentifier>{207c035a-cbd9-474d-9b7a-06bbb1efd506}</UniqueIdentifier>
    </Filter>
    <Filter Include="dx11\CubeMap">
      <UniqueIdentifier>{db71255e-f0a6-4b91-a591-13bc4e15eea1}</UniqueIdentifier>
    </Filter>
    <Filter Include="dx11\primitives\Vertex\CubeMapVertex">
      <UniqueIdentifier>{64c6c553-2e17-4348-9ca5-309abeb3dc6d}</UniqueIdentifier>
    </Filter>
    <Filter Include="dx11\resource\Mesh\StaticMesh">
      <UniqueIdentifier>{ae0dfa38-566e-4826-8f6c-0349a52fce4a}</UniqueIdentifier>
    </Filter>
    <Filter Include="dx11\resource\Mesh\CubeMapMesh">
      <UniqueIdentifier>{43a89f12-f041-464a-8a59-11c1ae52bd6c}</UniqueIdentifier>
    </Filter>
    <Filter Include="Shader\UVScreenPrimitives">
      <UniqueIdentifier>{994492b2-2515-4999-b5ac-5312c5313b3d}</UniqueIdentifier>
    </Filter>
    <Filter Include="Shader\cbuffer">
      <UniqueIdentifier>{69e9baf0-2e65-4813-94b1-cfaf9d0794f6}</UniqueIdentifier>
    </Filter>
    <Filter Include="Shader\ColoredShader">
      <UniqueIdentifier>{19df4b87-090b-4a90-bd78-fcbeee22baa0}</UniqueIdentifier>
    </Filter>
    <Filter Include="Shader\CubeMapShader">
      <UniqueIdentifier>{4f093390-99d6-4a48-ac07-3923543bba32}</UniqueIdentifier>
    </Filter>
    <Filter Include="Shader\DeferredRendering">
      <UniqueIdentifier>{3420554d-a216-4dbb-a043-fc728b0a2ac0}</UniqueIdentifier>
    </Filter>
    <Filter Include="Shader\DeferredRendering\gBuffer">
      <UniqueIdentifier>{4379fc91-d1bb-438a-ac58-157a577c6560}</UniqueIdentifier>
    </Filter>
    <Filter Include="Shader\DeferredRendering\gBufferDebugShdaer">
      <UniqueIdentifier>{6d35755b-87f2-482d-aaa3-832ddc073161}</UniqueIdentifier>
    </Filter>
    <Filter Include="Shader\DeferredRendering\LightShader">
      <UniqueIdentifier>{5b2ace35-d425-47f1-bd93-0d5c7b54587c}</UniqueIdentifier>
    </Filter>
    <Filter Include="Shader\MaterialBuffers">
      <UniqueIdentifier>{ff0f886c-2543-4f6a-b162-49f71ba387f5}</UniqueIdentifier>
    </Filter>
    <Filter Include="Shader\DeferredRendering\StaticMeshShader">
      <UniqueIdentifier>{1a9fc154-3c6d-4e27-b66a-1d6dc0dd4b58}</UniqueIdentifier>
    </Filter>
  </ItemGroup>
  <ItemGroup>
    <ClCompile Include="ydMain.cpp">
      <Filter>Main</Filter>
    </ClCompile>
    <ClCompile Include="ydRenderCycle.cpp">
      <Filter>RenderCycle</Filter>
    </ClCompile>
    <ClCompile Include="ydMain_imgui.cpp">
      <Filter>Source Files</Filter>
    </ClCompile>
    <ClCompile Include="yd11ResourceManager.cpp">
      <Filter>dx11\resource\ResourceManager</Filter>
    </ClCompile>
    <ClCompile Include="SimpleMath.cpp">
      <Filter>SimpleMath</Filter>
    </ClCompile>
    <ClCompile Include="yd11Camera.cpp">
      <Filter>dx11\Camera</Filter>
    </ClCompile>
    <ClCompile Include="ydGrid.cpp">
      <Filter>dx11\DebugObject\Grid</Filter>
    </ClCompile>
    <ClCompile Include="Include\ImGui\imgui.cpp">
      <Filter>ImGUI</Filter>
    </ClCompile>
    <ClCompile Include="Include\ImGui\imgui_demo.cpp">
      <Filter>ImGUI</Filter>
    </ClCompile>
    <ClCompile Include="Include\ImGui\imgui_draw.cpp">
      <Filter>ImGUI</Filter>
    </ClCompile>
    <ClCompile Include="Include\ImGui\imgui_tables.cpp">
      <Filter>ImGUI</Filter>
    </ClCompile>
    <ClCompile Include="Include\ImGui\imgui_widgets.cpp">
      <Filter>ImGUI</Filter>
    </ClCompile>
    <ClCompile Include="Include\ImGui\backends\imgui_impl_dx11.cpp">
      <Filter>ImGUI</Filter>
    </ClCompile>
    <ClCompile Include="Include\ImGui\backends\imgui_impl_win32.cpp">
      <Filter>ImGUI</Filter>
    </ClCompile>
    <ClCompile Include="yd11DeferredContext.cpp">
      <Filter>dx11\Context\DeferredContext</Filter>
    </ClCompile>
    <ClCompile Include="yd11Material.cpp">
      <Filter>dx11\resource\Material</Filter>
    </ClCompile>
    <ClCompile Include="yd11StaticMeshRenderer.cpp">
      <Filter>dx11\Renderer\StaticMeshRenderer</Filter>
    </ClCompile>
    <ClCompile Include="yd11Context.cpp">
      <Filter>dx11\Context</Filter>
    </ClCompile>
    <ClCompile Include="yd11CubeMap.cpp">
      <Filter>dx11\CubeMap</Filter>
    </ClCompile>
    <ClCompile Include="yd11StaticMesh.cpp">
      <Filter>dx11\resource\Mesh\StaticMesh</Filter>
    </ClCompile>
  </ItemGroup>
  <ItemGroup>
    <ClInclude Include="yd11DXDependency.h">
      <Filter>DX11Dependency</Filter>
    </ClInclude>
    <ClInclude Include="ydRenderCycle.h">
      <Filter>RenderCycle</Filter>
    </ClInclude>
    <ClInclude Include="ydSnippet.h">
      <Filter>Snippet</Filter>
    </ClInclude>
    <ClInclude Include="ydMain_imgui.h">
      <Filter>Source Files</Filter>
    </ClInclude>
    <ClInclude Include="ydSingleton.h">
      <Filter>Utils\Singleton</Filter>
    </ClInclude>
    <ClInclude Include="yd11Context.h">
      <Filter>dx11\Context</Filter>
    </ClInclude>
    <ClInclude Include="ydD12Context.h">
      <Filter>dx12\context</Filter>
    </ClInclude>
    <ClInclude Include="yd11ResourceManager.h">
      <Filter>dx11\resource\ResourceManager</Filter>
    </ClInclude>
    <ClInclude Include="yd11Camera.h">
      <Filter>dx11\Camera</Filter>
    </ClInclude>
    <ClInclude Include="SimpleMath.h">
      <Filter>SimpleMath</Filter>
    </ClInclude>
    <ClInclude Include="yd11CommonMatrixBuffer.h">
      <Filter>dx11\cbufferStruct</Filter>
    </ClInclude>
    <ClInclude Include="yd11Transform.h">
      <Filter>dx11\Transform</Filter>
    </ClInclude>
    <ClInclude Include="ydInput.h">
      <Filter>Input</Filter>
    </ClInclude>
    <ClInclude Include="ydUpdatable.h">
      <Filter>Updatable</Filter>
    </ClInclude>
    <ClInclude Include="yd11RoamingCamera.h">
      <Filter>dx11\RoamingCam</Filter>
    </ClInclude>
    <ClInclude Include="ydGrid.h">
      <Filter>dx11\DebugObject\Grid</Filter>
    </ClInclude>
    <ClInclude Include="yd11ColoredVertex.h">
      <Filter>dx11\primitives\Vertex\ColoredVertex</Filter>
    </ClInclude>
    <ClInclude Include="yd11StaticMeshVertex.h">
      <Filter>dx11\primitives\Vertex\StaticMeshVertex</Filter>
    </ClInclude>
    <ClInclude Include="yd11DeferredDebugVertex.h">
      <Filter>dx11\primitives\Vertex\DeferredDebugVertex</Filter>
    </ClInclude>
    <ClInclude Include="yd11DeferredContext.h">
      <Filter>dx11\Context\DeferredContext</Filter>
    </ClInclude>
    <ClInclude Include="yd11Material.h">
      <Filter>dx11\resource\Material</Filter>
    </ClInclude>
    <ClInclude Include="yd11Texture.h">
      <Filter>dx11\resource\Texture</Filter>
    </ClInclude>
    <ClInclude Include="yd11StaticMeshRenderer.h">
      <Filter>dx11\Renderer\StaticMeshRenderer</Filter>
    </ClInclude>
    <ClInclude Include="yd11ScreenPosUVVertex.h">
      <Filter>dx11\primitives\Vertex\DeferredLightVertex</Filter>
    </ClInclude>
    <ClInclude Include="yd11CubeMap.h">
      <Filter>dx11\CubeMap</Filter>
    </ClInclude>
    <ClInclude Include="yd11CubeMapMeshVertex.h">
      <Filter>dx11\primitives\Vertex\CubeMapVertex</Filter>
    </ClInclude>
    <ClInclude Include="yd11StaticMesh.h">
      <Filter>dx11\resource\Mesh\StaticMesh</Filter>
    </ClInclude>
  </ItemGroup>
  <ItemGroup>
    <FxCompile Include="yd11ColoredPixelShader.hlsl">
      <Filter>Shader\ColoredShader</Filter>
    </FxCompile>
    <FxCompile Include="yd11ColoredVertexShader.hlsl">
      <Filter>Shader\ColoredShader</Filter>
    </FxCompile>
    <FxCompile Include="yd11CubeMapPS.hlsl">
      <Filter>Shader\CubeMapShader</Filter>
    </FxCompile>
    <FxCompile Include="yd11CubeMapVS.hlsl">
      <Filter>Shader\CubeMapShader</Filter>
    </FxCompile>
    <FxCompile Include="yd11GBufferDebugPixelShader.hlsl">
      <Filter>Shader\DeferredRendering\gBufferDebugShdaer</Filter>
    </FxCompile>
    <FxCompile Include="yd11GBufferDebugVertexShader.hlsl">
      <Filter>Shader\DeferredRendering\gBufferDebugShdaer</Filter>
    </FxCompile>
    <FxCompile Include="yd11LightVS.hlsl">
      <Filter>Shader\DeferredRendering\LightShader</Filter>
    </FxCompile>
    <FxCompile Include="yd11LightPS.hlsl">
      <Filter>Shader\DeferredRendering\LightShader</Filter>
    </FxCompile>
    <FxCompile Include="yd11StaticMeshVertexShader.hlsl">
      <Filter>Shader\DeferredRendering\StaticMeshShader</Filter>
    </FxCompile>
    <FxCompile Include="yd11StaticMeshPixelShader.hlsl">
      <Filter>Shader\DeferredRendering\StaticMeshShader</Filter>
    </FxCompile>
  </ItemGroup>
  <ItemGroup>
    <None Include="SimpleMath.inl">
      <Filter>SimpleMath</Filter>
    </None>
    <None Include="yd11UVScreenPrimitives.hlsli">
      <Filter>Shader\UVScreenPrimitives</Filter>
    </None>
    <None Include="yd11GBuffers.hlsli">
      <Filter>Shader\DeferredRendering\gBuffer</Filter>
    </None>
    <None Include="yd11CommonBuffer.hlsli">
      <Filter>Shader\cbuffer</Filter>
    </None>
    <None Include="yd11MaterialBuffers.hlsli">
      <Filter>Shader\MaterialBuffers</Filter>
    </None>
  </ItemGroup>
</Project>