<?xml version="1.0" encoding="utf-8"?>
<Project ToolsVersion="4.0" xmlns="http://schemas.microsoft.com/developer/msbuild/2003">
  <ItemGroup>
    <Filter Include="Source Files">
      <UniqueIdentifier>{4FC737F1-C7A5-4376-A066-2A32D752A2FF}</UniqueIdentifier>
      <Extensions>cpp;c;cc;cxx;c++;cppm;ixx;def;odl;idl;hpj;bat;asm;asmx</Extensions>
    </Filter>
    <Filter Include="Header Files">
      <UniqueIdentifier>{93995380-89BD-4b04-88EB-625FBE52EBFB}</UniqueIdentifier>
      <Extensions>h;hh;hpp;hxx;h++;hm;inl;inc;ipp;xsd</Extensions>
    </Filter>
    <Filter Include="Resource Files">
      <UniqueIdentifier>{67DA6AB6-F800-4c08-8B7A-83BB121AAD01}</UniqueIdentifier>
      <Extensions>rc;ico;cur;bmp;dlg;rc2;rct;bin;rgs;gif;jpg;jpeg;jpe;resx;tiff;tif;png;wav;mfcribbon-ms</Extensions>
    </Filter>
    <Filter Include="GlobalCom">
      <UniqueIdentifier>{e5a5903c-02d8-41fd-a171-ec54610a920f}</UniqueIdentifier>
    </Filter>
    <Filter Include="DX11Dependency">
      <UniqueIdentifier>{148ee6fe-860c-41ee-8fb6-04f98d37150f}</UniqueIdentifier>
    </Filter>
    <Filter Include="RenderCycle">
      <UniqueIdentifier>{90151627-ee22-409c-9941-d6c5c886533a}</UniqueIdentifier>
    </Filter>
    <Filter Include="ImGUI">
      <UniqueIdentifier>{a07a3508-51ee-4fb9-8f3a-c30a693c6075}</UniqueIdentifier>
    </Filter>
    <Filter Include="Main">
      <UniqueIdentifier>{e19dcdf5-56b9-476e-863e-5c449121d288}</UniqueIdentifier>
    </Filter>
    <Filter Include="Snippet">
      <UniqueIdentifier>{825b8f02-43fc-4cac-aec4-04ec7a85b6bc}</UniqueIdentifier>
    </Filter>
    <Filter Include="dx11">
      <UniqueIdentifier>{904f1e89-262d-483a-829d-56b07ce69e9f}</UniqueIdentifier>
    </Filter>
    <Filter Include="dx11\context">
      <UniqueIdentifier>{25d3c681-8ad6-47c8-b683-bce42dfcc570}</UniqueIdentifier>
    </Filter>
    <Filter Include="dx12">
      <UniqueIdentifier>{b30fa536-97fc-4449-9c5b-13b72697070f}</UniqueIdentifier>
    </Filter>
    <Filter Include="Utils">
      <UniqueIdentifier>{247dae59-6b4e-497f-9b93-383e98707c42}</UniqueIdentifier>
    </Filter>
    <Filter Include="Utils\Singleton">
      <UniqueIdentifier>{d2fa3ddd-b244-40d8-8f2d-4fcdf38e30c3}</UniqueIdentifier>
    </Filter>
    <Filter Include="dx12\context">
      <UniqueIdentifier>{43235ba5-b697-44d1-948a-d471be4cb8b9}</UniqueIdentifier>
    </Filter>
    <Filter Include="primitives">
      <UniqueIdentifier>{41bc50c0-a639-4039-82df-5ac1d2dcee50}</UniqueIdentifier>
    </Filter>
    <Filter Include="primitives\Vertex">
      <UniqueIdentifier>{5749ab13-851e-4153-a70a-bf967fd79644}</UniqueIdentifier>
    </Filter>
    <Filter Include="Shader">
      <UniqueIdentifier>{3bb1f85d-54fd-4b49-8164-d274e55a8fc1}</UniqueIdentifier>
    </Filter>
    <Filter Include="dx11\ResourceManager">
      <UniqueIdentifier>{7f4be354-47ef-47fc-935f-fd141a239484}</UniqueIdentifier>
    </Filter>
  </ItemGroup>
  <ItemGroup>
    <ClCompile Include="ImGui\imgui.cpp">
      <Filter>ImGUI</Filter>
    </ClCompile>
    <ClCompile Include="ImGui\imgui_demo.cpp">
      <Filter>ImGUI</Filter>
    </ClCompile>
    <ClCompile Include="ImGui\imgui_draw.cpp">
      <Filter>ImGUI</Filter>
    </ClCompile>
    <ClCompile Include="ImGui\imgui_tables.cpp">
      <Filter>ImGUI</Filter>
    </ClCompile>
    <ClCompile Include="ImGui\imgui_widgets.cpp">
      <Filter>ImGUI</Filter>
    </ClCompile>
    <ClCompile Include="ImGui\backends\imgui_impl_dx11.cpp">
      <Filter>ImGUI</Filter>
    </ClCompile>
    <ClCompile Include="ImGui\backends\imgui_impl_win32.cpp">
      <Filter>ImGUI</Filter>
    </ClCompile>
    <ClCompile Include="Main.cpp">
      <Filter>Main</Filter>
    </ClCompile>
    <ClCompile Include="RenderCycle.cpp">
      <Filter>RenderCycle</Filter>
    </ClCompile>
    <ClCompile Include="Main_imgui.cpp">
      <Filter>Source Files</Filter>
    </ClCompile>
    <ClCompile Include="D11ResourceManager.cpp">
      <Filter>dx11\ResourceManager</Filter>
    </ClCompile>
  </ItemGroup>
  <ItemGroup>
    <ClInclude Include="DX11Dependency.h">
      <Filter>DX11Dependency</Filter>
    </ClInclude>
    <ClInclude Include="RenderCycle.h">
      <Filter>RenderCycle</Filter>
    </ClInclude>
    <ClInclude Include="Snippet.h">
      <Filter>Snippet</Filter>
    </ClInclude>
    <ClInclude Include="Main_imgui.h">
      <Filter>Source Files</Filter>
    </ClInclude>
    <ClInclude Include="Singleton.h">
      <Filter>Utils\Singleton</Filter>
    </ClInclude>
    <ClInclude Include="Vertex.h">
      <Filter>primitives\Vertex</Filter>
    </ClInclude>
    <ClInclude Include="D11Context.h">
      <Filter>dx11\context</Filter>
    </ClInclude>
    <ClInclude Include="D12Context.h">
      <Filter>dx12\context</Filter>
    </ClInclude>
    <ClInclude Include="D11ResourceManager.h">
      <Filter>dx11\ResourceManager</Filter>
    </ClInclude>
  </ItemGroup>
  <ItemGroup>
    <FxCompile Include="VertexShader.hlsl">
      <Filter>Shader</Filter>
    </FxCompile>
    <FxCompile Include="PixelShader.hlsl">
      <Filter>Shader</Filter>
    </FxCompile>
  </ItemGroup>
</Project>